
Microsoft Visual Studio Solution File, Format Version 12.00
# Visual Studio Version 16
VisualStudioVersion = 16.0.32510.428
MinimumVisualStudioVersion = 10.0.40219.1
Project("{FAE04EC0-301F-11D3-BF4B-00C04F79EFBC}") = "Week4Activity", "Week4Activity\Week4Activity.csproj", "{8CCD31D7-A098-4BE2-AEAC-80D586F259DD}"
EndProject
Global
	GlobalSection(SolutionConfigurationPlatforms) = preSolution
		Debug|Any CPU = Debug|Any CPU
		Release|Any CPU = Release|Any CPU
	EndGlobalSection
	GlobalSection(ProjectConfigurationPlatforms) = postSolution
		{8CCD31D7-A098-4BE2-AEAC-80D586F259DD}.Debug|Any CPU.ActiveCfg = Debug|Any CPU
		{8CCD31D7-A098-4BE2-AEAC-80D586F259DD}.Debug|Any CPU.Build.0 = Debug|Any CPU
		{8CCD31D7-A098-4BE2-AEAC-80D586F259DD}.Release|Any CPU.ActiveCfg = Release|Any CPU
		{8CCD31D7-A098-4BE2-AEAC-80D586F259DD}.Release|Any CPU.Build.0 = Release|Any CPU
	EndGlobalSection
	GlobalSection(SolutionProperties) = preSolution
		HideSolutionNode = FALSE
	EndGlobalSection
	GlobalSection(ExtensibilityGlobals) = postSolution
		SolutionGuid = {BB98CF0D-3F96-4C33-B0BE-1E98FE5EEB76}
	EndGlobalSection
EndGlobal
